
Microsoft Visual Studio Solution File, Format Version 12.00
# Visual Studio 15
VisualStudioVersion = 15.0.27130.2024
MinimumVisualStudioVersion = 10.0.40219.1
Project("{9A19103F-16F7-4668-BE54-9A1E7A4F7556}") = "saac", "saac\saac\saac.csproj", "{3E1CD1F7-7CE9-4682-9B0F-12725C916E6E}"
EndProject
Project("{FAE04EC0-301F-11D3-BF4B-00C04F79EFBC}") = "saac.Android", "saac\saac.Android\saac.Android.csproj", "{E7C2867D-3B28-431F-A557-CB78FC3AF5A7}"
EndProject
Project("{FAE04EC0-301F-11D3-BF4B-00C04F79EFBC}") = "saac.iOS", "saac\saac.iOS\saac.iOS.csproj", "{8ABA6D4E-BD4F-45C0-AFA0-41FFA24714FC}"
EndProject
Project("{FAE04EC0-301F-11D3-BF4B-00C04F79EFBC}") = "saac.UWP", "saac\saac.UWP\saac.UWP.csproj", "{84EEE2A3-4AA7-485F-9281-F663E1D80648}"
EndProject
Global
	GlobalSection(SolutionConfigurationPlatforms) = preSolution
		Ad-Hoc|Any CPU = Ad-Hoc|Any CPU
		Ad-Hoc|ARM = Ad-Hoc|ARM
		Ad-Hoc|iPhone = Ad-Hoc|iPhone
		Ad-Hoc|iPhoneSimulator = Ad-Hoc|iPhoneSimulator
		Ad-Hoc|x64 = Ad-Hoc|x64
		Ad-Hoc|x86 = Ad-Hoc|x86
		AppStore|Any CPU = AppStore|Any CPU
		AppStore|ARM = AppStore|ARM
		AppStore|iPhone = AppStore|iPhone
		AppStore|iPhoneSimulator = AppStore|iPhoneSimulator
		AppStore|x64 = AppStore|x64
		AppStore|x86 = AppStore|x86
		Debug|Any CPU = Debug|Any CPU
		Debug|ARM = Debug|ARM
		Debug|iPhone = Debug|iPhone
		Debug|iPhoneSimulator = Debug|iPhoneSimulator
		Debug|x64 = Debug|x64
		Debug|x86 = Debug|x86
		Release|Any CPU = Release|Any CPU
		Release|ARM = Release|ARM
		Release|iPhone = Release|iPhone
		Release|iPhoneSimulator = Release|iPhoneSimulator
		Release|x64 = Release|x64
		Release|x86 = Release|x86
	EndGlobalSection
	GlobalSection(ProjectConfigurationPlatforms) = postSolution
		{3E1CD1F7-7CE9-4682-9B0F-12725C916E6E}.Ad-Hoc|Any CPU.ActiveCfg = Debug|Any CPU
		{3E1CD1F7-7CE9-4682-9B0F-12725C916E6E}.Ad-Hoc|Any CPU.Build.0 = Debug|Any CPU
		{3E1CD1F7-7CE9-4682-9B0F-12725C916E6E}.Ad-Hoc|ARM.ActiveCfg = Debug|Any CPU
		{3E1CD1F7-7CE9-4682-9B0F-12725C916E6E}.Ad-Hoc|ARM.Build.0 = Debug|Any CPU
		{3E1CD1F7-7CE9-4682-9B0F-12725C916E6E}.Ad-Hoc|iPhone.ActiveCfg = Debug|Any CPU
		{3E1CD1F7-7CE9-4682-9B0F-12725C916E6E}.Ad-Hoc|iPhone.Build.0 = Debug|Any CPU
		{3E1CD1F7-7CE9-4682-9B0F-12725C916E6E}.Ad-Hoc|iPhoneSimulator.ActiveCfg = Debug|Any CPU
		{3E1CD1F7-7CE9-4682-9B0F-12725C916E6E}.Ad-Hoc|iPhoneSimulator.Build.0 = Debug|Any CPU
		{3E1CD1F7-7CE9-4682-9B0F-12725C916E6E}.Ad-Hoc|x64.ActiveCfg = Debug|Any CPU
		{3E1CD1F7-7CE9-4682-9B0F-12725C916E6E}.Ad-Hoc|x64.Build.0 = Debug|Any CPU
		{3E1CD1F7-7CE9-4682-9B0F-12725C916E6E}.Ad-Hoc|x86.ActiveCfg = Debug|Any CPU
		{3E1CD1F7-7CE9-4682-9B0F-12725C916E6E}.Ad-Hoc|x86.Build.0 = Debug|Any CPU
		{3E1CD1F7-7CE9-4682-9B0F-12725C916E6E}.AppStore|Any CPU.ActiveCfg = Debug|Any CPU
		{3E1CD1F7-7CE9-4682-9B0F-12725C916E6E}.AppStore|Any CPU.Build.0 = Debug|Any CPU
		{3E1CD1F7-7CE9-4682-9B0F-12725C916E6E}.AppStore|ARM.ActiveCfg = Debug|Any CPU
		{3E1CD1F7-7CE9-4682-9B0F-12725C916E6E}.AppStore|ARM.Build.0 = Debug|Any CPU
		{3E1CD1F7-7CE9-4682-9B0F-12725C916E6E}.AppStore|iPhone.ActiveCfg = Debug|Any CPU
		{3E1CD1F7-7CE9-4682-9B0F-12725C916E6E}.AppStore|iPhone.Build.0 = Debug|Any CPU
		{3E1CD1F7-7CE9-4682-9B0F-12725C916E6E}.AppStore|iPhoneSimulator.ActiveCfg = Debug|Any CPU
		{3E1CD1F7-7CE9-4682-9B0F-12725C916E6E}.AppStore|iPhoneSimulator.Build.0 = Debug|Any CPU
		{3E1CD1F7-7CE9-4682-9B0F-12725C916E6E}.AppStore|x64.ActiveCfg = Debug|Any CPU
		{3E1CD1F7-7CE9-4682-9B0F-12725C916E6E}.AppStore|x64.Build.0 = Debug|Any CPU
		{3E1CD1F7-7CE9-4682-9B0F-12725C916E6E}.AppStore|x86.ActiveCfg = Debug|Any CPU
		{3E1CD1F7-7CE9-4682-9B0F-12725C916E6E}.AppStore|x86.Build.0 = Debug|Any CPU
		{3E1CD1F7-7CE9-4682-9B0F-12725C916E6E}.Debug|Any CPU.ActiveCfg = Debug|Any CPU
		{3E1CD1F7-7CE9-4682-9B0F-12725C916E6E}.Debug|Any CPU.Build.0 = Debug|Any CPU
		{3E1CD1F7-7CE9-4682-9B0F-12725C916E6E}.Debug|ARM.ActiveCfg = Debug|Any CPU
		{3E1CD1F7-7CE9-4682-9B0F-12725C916E6E}.Debug|ARM.Build.0 = Debug|Any CPU
		{3E1CD1F7-7CE9-4682-9B0F-12725C916E6E}.Debug|iPhone.ActiveCfg = Debug|Any CPU
		{3E1CD1F7-7CE9-4682-9B0F-12725C916E6E}.Debug|iPhone.Build.0 = Debug|Any CPU
		{3E1CD1F7-7CE9-4682-9B0F-12725C916E6E}.Debug|iPhoneSimulator.ActiveCfg = Debug|Any CPU
		{3E1CD1F7-7CE9-4682-9B0F-12725C916E6E}.Debug|iPhoneSimulator.Build.0 = Debug|Any CPU
		{3E1CD1F7-7CE9-4682-9B0F-12725C916E6E}.Debug|x64.ActiveCfg = Debug|Any CPU
		{3E1CD1F7-7CE9-4682-9B0F-12725C916E6E}.Debug|x64.Build.0 = Debug|Any CPU
		{3E1CD1F7-7CE9-4682-9B0F-12725C916E6E}.Debug|x86.ActiveCfg = Debug|Any CPU
		{3E1CD1F7-7CE9-4682-9B0F-12725C916E6E}.Debug|x86.Build.0 = Debug|Any CPU
		{3E1CD1F7-7CE9-4682-9B0F-12725C916E6E}.Release|Any CPU.ActiveCfg = Release|Any CPU
		{3E1CD1F7-7CE9-4682-9B0F-12725C916E6E}.Release|Any CPU.Build.0 = Release|Any CPU
		{3E1CD1F7-7CE9-4682-9B0F-12725C916E6E}.Release|ARM.ActiveCfg = Release|Any CPU
		{3E1CD1F7-7CE9-4682-9B0F-12725C916E6E}.Release|ARM.Build.0 = Release|Any CPU
		{3E1CD1F7-7CE9-4682-9B0F-12725C916E6E}.Release|iPhone.ActiveCfg = Release|Any CPU
		{3E1CD1F7-7CE9-4682-9B0F-12725C916E6E}.Release|iPhone.Build.0 = Release|Any CPU
		{3E1CD1F7-7CE9-4682-9B0F-12725C916E6E}.Release|iPhoneSimulator.ActiveCfg = Release|Any CPU
		{3E1CD1F7-7CE9-4682-9B0F-12725C916E6E}.Release|iPhoneSimulator.Build.0 = Release|Any CPU
		{3E1CD1F7-7CE9-4682-9B0F-12725C916E6E}.Release|x64.ActiveCfg = Release|Any CPU
		{3E1CD1F7-7CE9-4682-9B0F-12725C916E6E}.Release|x64.Build.0 = Release|Any CPU
		{3E1CD1F7-7CE9-4682-9B0F-12725C916E6E}.Release|x86.ActiveCfg = Release|Any CPU
		{3E1CD1F7-7CE9-4682-9B0F-12725C916E6E}.Release|x86.Build.0 = Release|Any CPU
		{E7C2867D-3B28-431F-A557-CB78FC3AF5A7}.Ad-Hoc|Any CPU.ActiveCfg = Release|Any CPU
		{E7C2867D-3B28-431F-A557-CB78FC3AF5A7}.Ad-Hoc|Any CPU.Build.0 = Release|Any CPU
		{E7C2867D-3B28-431F-A557-CB78FC3AF5A7}.Ad-Hoc|Any CPU.Deploy.0 = Release|Any CPU
		{E7C2867D-3B28-431F-A557-CB78FC3AF5A7}.Ad-Hoc|ARM.ActiveCfg = Release|Any CPU
		{E7C2867D-3B28-431F-A557-CB78FC3AF5A7}.Ad-Hoc|ARM.Build.0 = Release|Any CPU
		{E7C2867D-3B28-431F-A557-CB78FC3AF5A7}.Ad-Hoc|ARM.Deploy.0 = Release|Any CPU
		{E7C2867D-3B28-431F-A557-CB78FC3AF5A7}.Ad-Hoc|iPhone.ActiveCfg = Release|Any CPU
		{E7C2867D-3B28-431F-A557-CB78FC3AF5A7}.Ad-Hoc|iPhone.Build.0 = Release|Any CPU
		{E7C2867D-3B28-431F-A557-CB78FC3AF5A7}.Ad-Hoc|iPhone.Deploy.0 = Release|Any CPU
		{E7C2867D-3B28-431F-A557-CB78FC3AF5A7}.Ad-Hoc|iPhoneSimulator.ActiveCfg = Release|Any CPU
		{E7C2867D-3B28-431F-A557-CB78FC3AF5A7}.Ad-Hoc|iPhoneSimulator.Build.0 = Release|Any CPU
		{E7C2867D-3B28-431F-A557-CB78FC3AF5A7}.Ad-Hoc|iPhoneSimulator.Deploy.0 = Release|Any CPU
		{E7C2867D-3B28-431F-A557-CB78FC3AF5A7}.Ad-Hoc|x64.ActiveCfg = Release|Any CPU
		{E7C2867D-3B28-431F-A557-CB78FC3AF5A7}.Ad-Hoc|x64.Build.0 = Release|Any CPU
		{E7C2867D-3B28-431F-A557-CB78FC3AF5A7}.Ad-Hoc|x64.Deploy.0 = Release|Any CPU
		{E7C2867D-3B28-431F-A557-CB78FC3AF5A7}.Ad-Hoc|x86.ActiveCfg = Release|Any CPU
		{E7C2867D-3B28-431F-A557-CB78FC3AF5A7}.Ad-Hoc|x86.Build.0 = Release|Any CPU
		{E7C2867D-3B28-431F-A557-CB78FC3AF5A7}.Ad-Hoc|x86.Deploy.0 = Release|Any CPU
		{E7C2867D-3B28-431F-A557-CB78FC3AF5A7}.AppStore|Any CPU.ActiveCfg = Release|Any CPU
		{E7C2867D-3B28-431F-A557-CB78FC3AF5A7}.AppStore|Any CPU.Build.0 = Release|Any CPU
		{E7C2867D-3B28-431F-A557-CB78FC3AF5A7}.AppStore|Any CPU.Deploy.0 = Release|Any CPU
		{E7C2867D-3B28-431F-A557-CB78FC3AF5A7}.AppStore|ARM.ActiveCfg = Release|Any CPU
		{E7C2867D-3B28-431F-A557-CB78FC3AF5A7}.AppStore|ARM.Build.0 = Release|Any CPU
		{E7C2867D-3B28-431F-A557-CB78FC3AF5A7}.AppStore|ARM.Deploy.0 = Release|Any CPU
		{E7C2867D-3B28-431F-A557-CB78FC3AF5A7}.AppStore|iPhone.ActiveCfg = Release|Any CPU
		{E7C2867D-3B28-431F-A557-CB78FC3AF5A7}.AppStore|iPhone.Build.0 = Release|Any CPU
		{E7C2867D-3B28-431F-A557-CB78FC3AF5A7}.AppStore|iPhone.Deploy.0 = Release|Any CPU
		{E7C2867D-3B28-431F-A557-CB78FC3AF5A7}.AppStore|iPhoneSimulator.ActiveCfg = Release|Any CPU
		{E7C2867D-3B28-431F-A557-CB78FC3AF5A7}.AppStore|iPhoneSimulator.Build.0 = Release|Any CPU
		{E7C2867D-3B28-431F-A557-CB78FC3AF5A7}.AppStore|iPhoneSimulator.Deploy.0 = Release|Any CPU
		{E7C2867D-3B28-431F-A557-CB78FC3AF5A7}.AppStore|x64.ActiveCfg = Release|Any CPU
		{E7C2867D-3B28-431F-A557-CB78FC3AF5A7}.AppStore|x64.Build.0 = Release|Any CPU
		{E7C2867D-3B28-431F-A557-CB78FC3AF5A7}.AppStore|x64.Deploy.0 = Release|Any CPU
		{E7C2867D-3B28-431F-A557-CB78FC3AF5A7}.AppStore|x86.ActiveCfg = Release|Any CPU
		{E7C2867D-3B28-431F-A557-CB78FC3AF5A7}.AppStore|x86.Build.0 = Release|Any CPU
		{E7C2867D-3B28-431F-A557-CB78FC3AF5A7}.AppStore|x86.Deploy.0 = Release|Any CPU
		{E7C2867D-3B28-431F-A557-CB78FC3AF5A7}.Debug|Any CPU.ActiveCfg = Debug|Any CPU
		{E7C2867D-3B28-431F-A557-CB78FC3AF5A7}.Debug|Any CPU.Build.0 = Debug|Any CPU
		{E7C2867D-3B28-431F-A557-CB78FC3AF5A7}.Debug|Any CPU.Deploy.0 = Debug|Any CPU
		{E7C2867D-3B28-431F-A557-CB78FC3AF5A7}.Debug|ARM.ActiveCfg = Debug|Any CPU
		{E7C2867D-3B28-431F-A557-CB78FC3AF5A7}.Debug|ARM.Build.0 = Debug|Any CPU
		{E7C2867D-3B28-431F-A557-CB78FC3AF5A7}.Debug|ARM.Deploy.0 = Debug|Any CPU
		{E7C2867D-3B28-431F-A557-CB78FC3AF5A7}.Debug|iPhone.ActiveCfg = Debug|Any CPU
		{E7C2867D-3B28-431F-A557-CB78FC3AF5A7}.Debug|iPhone.Build.0 = Debug|Any CPU
		{E7C2867D-3B28-431F-A557-CB78FC3AF5A7}.Debug|iPhone.Deploy.0 = Debug|Any CPU
		{E7C2867D-3B28-431F-A557-CB78FC3AF5A7}.Debug|iPhoneSimulator.ActiveCfg = Debug|Any CPU
		{E7C2867D-3B28-431F-A557-CB78FC3AF5A7}.Debug|iPhoneSimulator.Build.0 = Debug|Any CPU
		{E7C2867D-3B28-431F-A557-CB78FC3AF5A7}.Debug|iPhoneSimulator.Deploy.0 = Debug|Any CPU
		{E7C2867D-3B28-431F-A557-CB78FC3AF5A7}.Debug|x64.ActiveCfg = Debug|Any CPU
		{E7C2867D-3B28-431F-A557-CB78FC3AF5A7}.Debug|x64.Build.0 = Debug|Any CPU
		{E7C2867D-3B28-431F-A557-CB78FC3AF5A7}.Debug|x64.Deploy.0 = Debug|Any CPU
		{E7C2867D-3B28-431F-A557-CB78FC3AF5A7}.Debug|x86.ActiveCfg = Debug|Any CPU
		{E7C2867D-3B28-431F-A557-CB78FC3AF5A7}.Debug|x86.Build.0 = Debug|Any CPU
		{E7C2867D-3B28-431F-A557-CB78FC3AF5A7}.Debug|x86.Deploy.0 = Debug|Any CPU
		{E7C2867D-3B28-431F-A557-CB78FC3AF5A7}.Release|Any CPU.ActiveCfg = Release|Any CPU
		{E7C2867D-3B28-431F-A557-CB78FC3AF5A7}.Release|Any CPU.Build.0 = Release|Any CPU
		{E7C2867D-3B28-431F-A557-CB78FC3AF5A7}.Release|Any CPU.Deploy.0 = Release|Any CPU
		{E7C2867D-3B28-431F-A557-CB78FC3AF5A7}.Release|ARM.ActiveCfg = Release|Any CPU
		{E7C2867D-3B28-431F-A557-CB78FC3AF5A7}.Release|ARM.Build.0 = Release|Any CPU
		{E7C2867D-3B28-431F-A557-CB78FC3AF5A7}.Release|ARM.Deploy.0 = Release|Any CPU
		{E7C2867D-3B28-431F-A557-CB78FC3AF5A7}.Release|iPhone.ActiveCfg = Release|Any CPU
		{E7C2867D-3B28-431F-A557-CB78FC3AF5A7}.Release|iPhone.Build.0 = Release|Any CPU
		{E7C2867D-3B28-431F-A557-CB78FC3AF5A7}.Release|iPhone.Deploy.0 = Release|Any CPU
		{E7C2867D-3B28-431F-A557-CB78FC3AF5A7}.Release|iPhoneSimulator.ActiveCfg = Release|Any CPU
		{E7C2867D-3B28-431F-A557-CB78FC3AF5A7}.Release|iPhoneSimulator.Build.0 = Release|Any CPU
		{E7C2867D-3B28-431F-A557-CB78FC3AF5A7}.Release|iPhoneSimulator.Deploy.0 = Release|Any CPU
		{E7C2867D-3B28-431F-A557-CB78FC3AF5A7}.Release|x64.ActiveCfg = Release|Any CPU
		{E7C2867D-3B28-431F-A557-CB78FC3AF5A7}.Release|x64.Build.0 = Release|Any CPU
		{E7C2867D-3B28-431F-A557-CB78FC3AF5A7}.Release|x64.Deploy.0 = Release|Any CPU
		{E7C2867D-3B28-431F-A557-CB78FC3AF5A7}.Release|x86.ActiveCfg = Release|Any CPU
		{E7C2867D-3B28-431F-A557-CB78FC3AF5A7}.Release|x86.Build.0 = Release|Any CPU
		{E7C2867D-3B28-431F-A557-CB78FC3AF5A7}.Release|x86.Deploy.0 = Release|Any CPU
		{8ABA6D4E-BD4F-45C0-AFA0-41FFA24714FC}.Ad-Hoc|Any CPU.ActiveCfg = Ad-Hoc|iPhone
		{8ABA6D4E-BD4F-45C0-AFA0-41FFA24714FC}.Ad-Hoc|ARM.ActiveCfg = Ad-Hoc|iPhone
		{8ABA6D4E-BD4F-45C0-AFA0-41FFA24714FC}.Ad-Hoc|iPhone.ActiveCfg = Ad-Hoc|iPhone
		{8ABA6D4E-BD4F-45C0-AFA0-41FFA24714FC}.Ad-Hoc|iPhone.Build.0 = Ad-Hoc|iPhone
		{8ABA6D4E-BD4F-45C0-AFA0-41FFA24714FC}.Ad-Hoc|iPhoneSimulator.ActiveCfg = Ad-Hoc|iPhoneSimulator
		{8ABA6D4E-BD4F-45C0-AFA0-41FFA24714FC}.Ad-Hoc|iPhoneSimulator.Build.0 = Ad-Hoc|iPhoneSimulator
		{8ABA6D4E-BD4F-45C0-AFA0-41FFA24714FC}.Ad-Hoc|x64.ActiveCfg = Ad-Hoc|iPhone
		{8ABA6D4E-BD4F-45C0-AFA0-41FFA24714FC}.Ad-Hoc|x86.ActiveCfg = Ad-Hoc|iPhone
		{8ABA6D4E-BD4F-45C0-AFA0-41FFA24714FC}.AppStore|Any CPU.ActiveCfg = AppStore|iPhone
		{8ABA6D4E-BD4F-45C0-AFA0-41FFA24714FC}.AppStore|ARM.ActiveCfg = AppStore|iPhone
		{8ABA6D4E-BD4F-45C0-AFA0-41FFA24714FC}.AppStore|iPhone.ActiveCfg = AppStore|iPhone
		{8ABA6D4E-BD4F-45C0-AFA0-41FFA24714FC}.AppStore|iPhone.Build.0 = AppStore|iPhone
		{8ABA6D4E-BD4F-45C0-AFA0-41FFA24714FC}.AppStore|iPhoneSimulator.ActiveCfg = AppStore|iPhoneSimulator
		{8ABA6D4E-BD4F-45C0-AFA0-41FFA24714FC}.AppStore|iPhoneSimulator.Build.0 = AppStore|iPhoneSimulator
		{8ABA6D4E-BD4F-45C0-AFA0-41FFA24714FC}.AppStore|x64.ActiveCfg = AppStore|iPhone
		{8ABA6D4E-BD4F-45C0-AFA0-41FFA24714FC}.AppStore|x86.ActiveCfg = AppStore|iPhone
		{8ABA6D4E-BD4F-45C0-AFA0-41FFA24714FC}.Debug|Any CPU.ActiveCfg = Debug|iPhone
		{8ABA6D4E-BD4F-45C0-AFA0-41FFA24714FC}.Debug|ARM.ActiveCfg = Debug|iPhone
		{8ABA6D4E-BD4F-45C0-AFA0-41FFA24714FC}.Debug|iPhone.ActiveCfg = Debug|iPhone
		{8ABA6D4E-BD4F-45C0-AFA0-41FFA24714FC}.Debug|iPhone.Build.0 = Debug|iPhone
		{8ABA6D4E-BD4F-45C0-AFA0-41FFA24714FC}.Debug|iPhoneSimulator.ActiveCfg = Debug|iPhoneSimulator
		{8ABA6D4E-BD4F-45C0-AFA0-41FFA24714FC}.Debug|iPhoneSimulator.Build.0 = Debug|iPhoneSimulator
		{8ABA6D4E-BD4F-45C0-AFA0-41FFA24714FC}.Debug|x64.ActiveCfg = Debug|iPhone
		{8ABA6D4E-BD4F-45C0-AFA0-41FFA24714FC}.Debug|x86.ActiveCfg = Debug|iPhone
		{8ABA6D4E-BD4F-45C0-AFA0-41FFA24714FC}.Release|Any CPU.ActiveCfg = Release|iPhone
		{8ABA6D4E-BD4F-45C0-AFA0-41FFA24714FC}.Release|ARM.ActiveCfg = Release|iPhone
		{8ABA6D4E-BD4F-45C0-AFA0-41FFA24714FC}.Release|iPhone.ActiveCfg = Release|iPhone
		{8ABA6D4E-BD4F-45C0-AFA0-41FFA24714FC}.Release|iPhone.Build.0 = Release|iPhone
		{8ABA6D4E-BD4F-45C0-AFA0-41FFA24714FC}.Release|iPhoneSimulator.ActiveCfg = Release|iPhoneSimulator
		{8ABA6D4E-BD4F-45C0-AFA0-41FFA24714FC}.Release|iPhoneSimulator.Build.0 = Release|iPhoneSimulator
		{8ABA6D4E-BD4F-45C0-AFA0-41FFA24714FC}.Release|x64.ActiveCfg = Release|iPhone
		{8ABA6D4E-BD4F-45C0-AFA0-41FFA24714FC}.Release|x86.ActiveCfg = Release|iPhone
		{84EEE2A3-4AA7-485F-9281-F663E1D80648}.Ad-Hoc|Any CPU.ActiveCfg = Release|x86
		{84EEE2A3-4AA7-485F-9281-F663E1D80648}.Ad-Hoc|Any CPU.Build.0 = Release|x86
		{84EEE2A3-4AA7-485F-9281-F663E1D80648}.Ad-Hoc|Any CPU.Deploy.0 = Release|x86
		{84EEE2A3-4AA7-485F-9281-F663E1D80648}.Ad-Hoc|ARM.ActiveCfg = Release|ARM
		{84EEE2A3-4AA7-485F-9281-F663E1D80648}.Ad-Hoc|ARM.Build.0 = Release|ARM
		{84EEE2A3-4AA7-485F-9281-F663E1D80648}.Ad-Hoc|ARM.Deploy.0 = Release|ARM
		{84EEE2A3-4AA7-485F-9281-F663E1D80648}.Ad-Hoc|iPhone.ActiveCfg = Release|x86
		{84EEE2A3-4AA7-485F-9281-F663E1D80648}.Ad-Hoc|iPhone.Build.0 = Release|x86
		{84EEE2A3-4AA7-485F-9281-F663E1D80648}.Ad-Hoc|iPhone.Deploy.0 = Release|x86
		{84EEE2A3-4AA7-485F-9281-F663E1D80648}.Ad-Hoc|iPhoneSimulator.ActiveCfg = Release|x86
		{84EEE2A3-4AA7-485F-9281-F663E1D80648}.Ad-Hoc|iPhoneSimulator.Build.0 = Release|x86
		{84EEE2A3-4AA7-485F-9281-F663E1D80648}.Ad-Hoc|iPhoneSimulator.Deploy.0 = Release|x86
		{84EEE2A3-4AA7-485F-9281-F663E1D80648}.Ad-Hoc|x64.ActiveCfg = Release|x64
		{84EEE2A3-4AA7-485F-9281-F663E1D80648}.Ad-Hoc|x64.Build.0 = Release|x64
		{84EEE2A3-4AA7-485F-9281-F663E1D80648}.Ad-Hoc|x64.Deploy.0 = Release|x64
		{84EEE2A3-4AA7-485F-9281-F663E1D80648}.Ad-Hoc|x86.ActiveCfg = Release|x86
		{84EEE2A3-4AA7-485F-9281-F663E1D80648}.Ad-Hoc|x86.Build.0 = Release|x86
		{84EEE2A3-4AA7-485F-9281-F663E1D80648}.Ad-Hoc|x86.Deploy.0 = Release|x86
		{84EEE2A3-4AA7-485F-9281-F663E1D80648}.AppStore|Any CPU.ActiveCfg = Release|x86
		{84EEE2A3-4AA7-485F-9281-F663E1D80648}.AppStore|Any CPU.Build.0 = Release|x86
		{84EEE2A3-4AA7-485F-9281-F663E1D80648}.AppStore|Any CPU.Deploy.0 = Release|x86
		{84EEE2A3-4AA7-485F-9281-F663E1D80648}.AppStore|ARM.ActiveCfg = Release|ARM
		{84EEE2A3-4AA7-485F-9281-F663E1D80648}.AppStore|ARM.Build.0 = Release|ARM
		{84EEE2A3-4AA7-485F-9281-F663E1D80648}.AppStore|ARM.Deploy.0 = Release|ARM
		{84EEE2A3-4AA7-485F-9281-F663E1D80648}.AppStore|iPhone.ActiveCfg = Release|x86
		{84EEE2A3-4AA7-485F-9281-F663E1D80648}.AppStore|iPhone.Build.0 = Release|x86
		{84EEE2A3-4AA7-485F-9281-F663E1D80648}.AppStore|iPhone.Deploy.0 = Release|x86
		{84EEE2A3-4AA7-485F-9281-F663E1D80648}.AppStore|iPhoneSimulator.ActiveCfg = Release|x86
		{84EEE2A3-4AA7-485F-9281-F663E1D80648}.AppStore|iPhoneSimulator.Build.0 = Release|x86
		{84EEE2A3-4AA7-485F-9281-F663E1D80648}.AppStore|iPhoneSimulator.Deploy.0 = Release|x86
		{84EEE2A3-4AA7-485F-9281-F663E1D80648}.AppStore|x64.ActiveCfg = Release|x64
		{84EEE2A3-4AA7-485F-9281-F663E1D80648}.AppStore|x64.Build.0 = Release|x64
		{84EEE2A3-4AA7-485F-9281-F663E1D80648}.AppStore|x64.Deploy.0 = Release|x64
		{84EEE2A3-4AA7-485F-9281-F663E1D80648}.AppStore|x86.ActiveCfg = Release|x86
		{84EEE2A3-4AA7-485F-9281-F663E1D80648}.AppStore|x86.Build.0 = Release|x86
		{84EEE2A3-4AA7-485F-9281-F663E1D80648}.AppStore|x86.Deploy.0 = Release|x86
		{84EEE2A3-4AA7-485F-9281-F663E1D80648}.Debug|Any CPU.ActiveCfg = Debug|x86
		{84EEE2A3-4AA7-485F-9281-F663E1D80648}.Debug|ARM.ActiveCfg = Debug|ARM
		{84EEE2A3-4AA7-485F-9281-F663E1D80648}.Debug|ARM.Build.0 = Debug|ARM
		{84EEE2A3-4AA7-485F-9281-F663E1D80648}.Debug|ARM.Deploy.0 = Debug|ARM
		{84EEE2A3-4AA7-485F-9281-F663E1D80648}.Debug|iPhone.ActiveCfg = Debug|x86
		{84EEE2A3-4AA7-485F-9281-F663E1D80648}.Debug|iPhoneSimulator.ActiveCfg = Debug|x86
		{84EEE2A3-4AA7-485F-9281-F663E1D80648}.Debug|x64.ActiveCfg = Debug|x64
		{84EEE2A3-4AA7-485F-9281-F663E1D80648}.Debug|x64.Build.0 = Debug|x64
		{84EEE2A3-4AA7-485F-9281-F663E1D80648}.Debug|x64.Deploy.0 = Debug|x64
		{84EEE2A3-4AA7-485F-9281-F663E1D80648}.Debug|x86.ActiveCfg = Debug|x86
		{84EEE2A3-4AA7-485F-9281-F663E1D80648}.Debug|x86.Build.0 = Debug|x86
		{84EEE2A3-4AA7-485F-9281-F663E1D80648}.Debug|x86.Deploy.0 = Debug|x86
		{84EEE2A3-4AA7-485F-9281-F663E1D80648}.Release|Any CPU.ActiveCfg = Release|x86
		{84EEE2A3-4AA7-485F-9281-F663E1D80648}.Release|ARM.ActiveCfg = Release|ARM
		{84EEE2A3-4AA7-485F-9281-F663E1D80648}.Release|ARM.Build.0 = Release|ARM
		{84EEE2A3-4AA7-485F-9281-F663E1D80648}.Release|ARM.Deploy.0 = Release|ARM
		{84EEE2A3-4AA7-485F-9281-F663E1D80648}.Release|iPhone.ActiveCfg = Release|x86
		{84EEE2A3-4AA7-485F-9281-F663E1D80648}.Release|iPhoneSimulator.ActiveCfg = Release|x86
		{84EEE2A3-4AA7-485F-9281-F663E1D80648}.Release|x64.ActiveCfg = Release|x64
		{84EEE2A3-4AA7-485F-9281-F663E1D80648}.Release|x64.Build.0 = Release|x64
		{84EEE2A3-4AA7-485F-9281-F663E1D80648}.Release|x64.Deploy.0 = Release|x64
		{84EEE2A3-4AA7-485F-9281-F663E1D80648}.Release|x86.ActiveCfg = Release|x86
		{84EEE2A3-4AA7-485F-9281-F663E1D80648}.Release|x86.Build.0 = Release|x86
		{84EEE2A3-4AA7-485F-9281-F663E1D80648}.Release|x86.Deploy.0 = Release|x86
	EndGlobalSection
	GlobalSection(SolutionProperties) = preSolution
		HideSolutionNode = FALSE
	EndGlobalSection
	GlobalSection(ExtensibilityGlobals) = postSolution
		SolutionGuid = {72A34DAD-1A7E-4B65-AC7D-08FCDD0FD06E}
	EndGlobalSection
EndGlobal
