
Microsoft Visual Studio Solution File, Format Version 12.00
# Visual Studio 15
VisualStudioVersion = 15.0.27004.2009
MinimumVisualStudioVersion = 10.0.40219.1
Project("{FAE04EC0-301F-11D3-BF4B-00C04F79EFBC}") = "saac", "saac\saac\saac.csproj", "{3159F016-0447-4C0D-9879-B35A4CC6C4F6}"
EndProject
Project("{FAE04EC0-301F-11D3-BF4B-00C04F79EFBC}") = "saac.Android", "saac\saac.Android\saac.Android.csproj", "{8A2D7B00-E076-448E-A5BB-02F0757CE6BA}"
EndProject
Project("{FAE04EC0-301F-11D3-BF4B-00C04F79EFBC}") = "saac.iOS", "saac\saac.iOS\saac.iOS.csproj", "{C8B0785B-6907-47F6-81C2-1EC237DCBC3E}"
EndProject
Project("{FAE04EC0-301F-11D3-BF4B-00C04F79EFBC}") = "saac.UWP", "saac\saac.UWP\saac.UWP.csproj", "{53057D34-8767-48A8-B681-781E64180C00}"
EndProject
Global
	GlobalSection(SolutionConfigurationPlatforms) = preSolution
		Ad-Hoc|Any CPU = Ad-Hoc|Any CPU
		Ad-Hoc|ARM = Ad-Hoc|ARM
		Ad-Hoc|iPhone = Ad-Hoc|iPhone
		Ad-Hoc|iPhoneSimulator = Ad-Hoc|iPhoneSimulator
		Ad-Hoc|x64 = Ad-Hoc|x64
		Ad-Hoc|x86 = Ad-Hoc|x86
		AppStore|Any CPU = AppStore|Any CPU
		AppStore|ARM = AppStore|ARM
		AppStore|iPhone = AppStore|iPhone
		AppStore|iPhoneSimulator = AppStore|iPhoneSimulator
		AppStore|x64 = AppStore|x64
		AppStore|x86 = AppStore|x86
		Debug|Any CPU = Debug|Any CPU
		Debug|ARM = Debug|ARM
		Debug|iPhone = Debug|iPhone
		Debug|iPhoneSimulator = Debug|iPhoneSimulator
		Debug|x64 = Debug|x64
		Debug|x86 = Debug|x86
		Release|Any CPU = Release|Any CPU
		Release|ARM = Release|ARM
		Release|iPhone = Release|iPhone
		Release|iPhoneSimulator = Release|iPhoneSimulator
		Release|x64 = Release|x64
		Release|x86 = Release|x86
	EndGlobalSection
	GlobalSection(ProjectConfigurationPlatforms) = postSolution
		{3159F016-0447-4C0D-9879-B35A4CC6C4F6}.Ad-Hoc|Any CPU.ActiveCfg = Debug|Any CPU
		{3159F016-0447-4C0D-9879-B35A4CC6C4F6}.Ad-Hoc|Any CPU.Build.0 = Debug|Any CPU
		{3159F016-0447-4C0D-9879-B35A4CC6C4F6}.Ad-Hoc|ARM.ActiveCfg = Debug|Any CPU
		{3159F016-0447-4C0D-9879-B35A4CC6C4F6}.Ad-Hoc|ARM.Build.0 = Debug|Any CPU
		{3159F016-0447-4C0D-9879-B35A4CC6C4F6}.Ad-Hoc|iPhone.ActiveCfg = Debug|Any CPU
		{3159F016-0447-4C0D-9879-B35A4CC6C4F6}.Ad-Hoc|iPhone.Build.0 = Debug|Any CPU
		{3159F016-0447-4C0D-9879-B35A4CC6C4F6}.Ad-Hoc|iPhoneSimulator.ActiveCfg = Debug|Any CPU
		{3159F016-0447-4C0D-9879-B35A4CC6C4F6}.Ad-Hoc|iPhoneSimulator.Build.0 = Debug|Any CPU
		{3159F016-0447-4C0D-9879-B35A4CC6C4F6}.Ad-Hoc|x64.ActiveCfg = Debug|Any CPU
		{3159F016-0447-4C0D-9879-B35A4CC6C4F6}.Ad-Hoc|x64.Build.0 = Debug|Any CPU
		{3159F016-0447-4C0D-9879-B35A4CC6C4F6}.Ad-Hoc|x86.ActiveCfg = Debug|Any CPU
		{3159F016-0447-4C0D-9879-B35A4CC6C4F6}.Ad-Hoc|x86.Build.0 = Debug|Any CPU
		{3159F016-0447-4C0D-9879-B35A4CC6C4F6}.AppStore|Any CPU.ActiveCfg = Debug|Any CPU
		{3159F016-0447-4C0D-9879-B35A4CC6C4F6}.AppStore|Any CPU.Build.0 = Debug|Any CPU
		{3159F016-0447-4C0D-9879-B35A4CC6C4F6}.AppStore|ARM.ActiveCfg = Debug|Any CPU
		{3159F016-0447-4C0D-9879-B35A4CC6C4F6}.AppStore|ARM.Build.0 = Debug|Any CPU
		{3159F016-0447-4C0D-9879-B35A4CC6C4F6}.AppStore|iPhone.ActiveCfg = Debug|Any CPU
		{3159F016-0447-4C0D-9879-B35A4CC6C4F6}.AppStore|iPhone.Build.0 = Debug|Any CPU
		{3159F016-0447-4C0D-9879-B35A4CC6C4F6}.AppStore|iPhoneSimulator.ActiveCfg = Debug|Any CPU
		{3159F016-0447-4C0D-9879-B35A4CC6C4F6}.AppStore|iPhoneSimulator.Build.0 = Debug|Any CPU
		{3159F016-0447-4C0D-9879-B35A4CC6C4F6}.AppStore|x64.ActiveCfg = Debug|Any CPU
		{3159F016-0447-4C0D-9879-B35A4CC6C4F6}.AppStore|x64.Build.0 = Debug|Any CPU
		{3159F016-0447-4C0D-9879-B35A4CC6C4F6}.AppStore|x86.ActiveCfg = Debug|Any CPU
		{3159F016-0447-4C0D-9879-B35A4CC6C4F6}.AppStore|x86.Build.0 = Debug|Any CPU
		{3159F016-0447-4C0D-9879-B35A4CC6C4F6}.Debug|Any CPU.ActiveCfg = Debug|Any CPU
		{3159F016-0447-4C0D-9879-B35A4CC6C4F6}.Debug|Any CPU.Build.0 = Debug|Any CPU
		{3159F016-0447-4C0D-9879-B35A4CC6C4F6}.Debug|ARM.ActiveCfg = Debug|Any CPU
		{3159F016-0447-4C0D-9879-B35A4CC6C4F6}.Debug|ARM.Build.0 = Debug|Any CPU
		{3159F016-0447-4C0D-9879-B35A4CC6C4F6}.Debug|iPhone.ActiveCfg = Debug|Any CPU
		{3159F016-0447-4C0D-9879-B35A4CC6C4F6}.Debug|iPhone.Build.0 = Debug|Any CPU
		{3159F016-0447-4C0D-9879-B35A4CC6C4F6}.Debug|iPhoneSimulator.ActiveCfg = Debug|Any CPU
		{3159F016-0447-4C0D-9879-B35A4CC6C4F6}.Debug|iPhoneSimulator.Build.0 = Debug|Any CPU
		{3159F016-0447-4C0D-9879-B35A4CC6C4F6}.Debug|x64.ActiveCfg = Debug|Any CPU
		{3159F016-0447-4C0D-9879-B35A4CC6C4F6}.Debug|x64.Build.0 = Debug|Any CPU
		{3159F016-0447-4C0D-9879-B35A4CC6C4F6}.Debug|x86.ActiveCfg = Debug|Any CPU
		{3159F016-0447-4C0D-9879-B35A4CC6C4F6}.Debug|x86.Build.0 = Debug|Any CPU
		{3159F016-0447-4C0D-9879-B35A4CC6C4F6}.Release|Any CPU.ActiveCfg = Release|Any CPU
		{3159F016-0447-4C0D-9879-B35A4CC6C4F6}.Release|Any CPU.Build.0 = Release|Any CPU
		{3159F016-0447-4C0D-9879-B35A4CC6C4F6}.Release|ARM.ActiveCfg = Release|Any CPU
		{3159F016-0447-4C0D-9879-B35A4CC6C4F6}.Release|ARM.Build.0 = Release|Any CPU
		{3159F016-0447-4C0D-9879-B35A4CC6C4F6}.Release|iPhone.ActiveCfg = Release|Any CPU
		{3159F016-0447-4C0D-9879-B35A4CC6C4F6}.Release|iPhone.Build.0 = Release|Any CPU
		{3159F016-0447-4C0D-9879-B35A4CC6C4F6}.Release|iPhoneSimulator.ActiveCfg = Release|Any CPU
		{3159F016-0447-4C0D-9879-B35A4CC6C4F6}.Release|iPhoneSimulator.Build.0 = Release|Any CPU
		{3159F016-0447-4C0D-9879-B35A4CC6C4F6}.Release|x64.ActiveCfg = Release|Any CPU
		{3159F016-0447-4C0D-9879-B35A4CC6C4F6}.Release|x64.Build.0 = Release|Any CPU
		{3159F016-0447-4C0D-9879-B35A4CC6C4F6}.Release|x86.ActiveCfg = Release|Any CPU
		{3159F016-0447-4C0D-9879-B35A4CC6C4F6}.Release|x86.Build.0 = Release|Any CPU
		{8A2D7B00-E076-448E-A5BB-02F0757CE6BA}.Ad-Hoc|Any CPU.ActiveCfg = Release|Any CPU
		{8A2D7B00-E076-448E-A5BB-02F0757CE6BA}.Ad-Hoc|Any CPU.Build.0 = Release|Any CPU
		{8A2D7B00-E076-448E-A5BB-02F0757CE6BA}.Ad-Hoc|Any CPU.Deploy.0 = Release|Any CPU
		{8A2D7B00-E076-448E-A5BB-02F0757CE6BA}.Ad-Hoc|ARM.ActiveCfg = Release|Any CPU
		{8A2D7B00-E076-448E-A5BB-02F0757CE6BA}.Ad-Hoc|ARM.Build.0 = Release|Any CPU
		{8A2D7B00-E076-448E-A5BB-02F0757CE6BA}.Ad-Hoc|ARM.Deploy.0 = Release|Any CPU
		{8A2D7B00-E076-448E-A5BB-02F0757CE6BA}.Ad-Hoc|iPhone.ActiveCfg = Release|Any CPU
		{8A2D7B00-E076-448E-A5BB-02F0757CE6BA}.Ad-Hoc|iPhone.Build.0 = Release|Any CPU
		{8A2D7B00-E076-448E-A5BB-02F0757CE6BA}.Ad-Hoc|iPhone.Deploy.0 = Release|Any CPU
		{8A2D7B00-E076-448E-A5BB-02F0757CE6BA}.Ad-Hoc|iPhoneSimulator.ActiveCfg = Release|Any CPU
		{8A2D7B00-E076-448E-A5BB-02F0757CE6BA}.Ad-Hoc|iPhoneSimulator.Build.0 = Release|Any CPU
		{8A2D7B00-E076-448E-A5BB-02F0757CE6BA}.Ad-Hoc|iPhoneSimulator.Deploy.0 = Release|Any CPU
		{8A2D7B00-E076-448E-A5BB-02F0757CE6BA}.Ad-Hoc|x64.ActiveCfg = Release|Any CPU
		{8A2D7B00-E076-448E-A5BB-02F0757CE6BA}.Ad-Hoc|x64.Build.0 = Release|Any CPU
		{8A2D7B00-E076-448E-A5BB-02F0757CE6BA}.Ad-Hoc|x64.Deploy.0 = Release|Any CPU
		{8A2D7B00-E076-448E-A5BB-02F0757CE6BA}.Ad-Hoc|x86.ActiveCfg = Release|Any CPU
		{8A2D7B00-E076-448E-A5BB-02F0757CE6BA}.Ad-Hoc|x86.Build.0 = Release|Any CPU
		{8A2D7B00-E076-448E-A5BB-02F0757CE6BA}.Ad-Hoc|x86.Deploy.0 = Release|Any CPU
		{8A2D7B00-E076-448E-A5BB-02F0757CE6BA}.AppStore|Any CPU.ActiveCfg = Release|Any CPU
		{8A2D7B00-E076-448E-A5BB-02F0757CE6BA}.AppStore|Any CPU.Build.0 = Release|Any CPU
		{8A2D7B00-E076-448E-A5BB-02F0757CE6BA}.AppStore|Any CPU.Deploy.0 = Release|Any CPU
		{8A2D7B00-E076-448E-A5BB-02F0757CE6BA}.AppStore|ARM.ActiveCfg = Release|Any CPU
		{8A2D7B00-E076-448E-A5BB-02F0757CE6BA}.AppStore|ARM.Build.0 = Release|Any CPU
		{8A2D7B00-E076-448E-A5BB-02F0757CE6BA}.AppStore|ARM.Deploy.0 = Release|Any CPU
		{8A2D7B00-E076-448E-A5BB-02F0757CE6BA}.AppStore|iPhone.ActiveCfg = Release|Any CPU
		{8A2D7B00-E076-448E-A5BB-02F0757CE6BA}.AppStore|iPhone.Build.0 = Release|Any CPU
		{8A2D7B00-E076-448E-A5BB-02F0757CE6BA}.AppStore|iPhone.Deploy.0 = Release|Any CPU
		{8A2D7B00-E076-448E-A5BB-02F0757CE6BA}.AppStore|iPhoneSimulator.ActiveCfg = Release|Any CPU
		{8A2D7B00-E076-448E-A5BB-02F0757CE6BA}.AppStore|iPhoneSimulator.Build.0 = Release|Any CPU
		{8A2D7B00-E076-448E-A5BB-02F0757CE6BA}.AppStore|iPhoneSimulator.Deploy.0 = Release|Any CPU
		{8A2D7B00-E076-448E-A5BB-02F0757CE6BA}.AppStore|x64.ActiveCfg = Release|Any CPU
		{8A2D7B00-E076-448E-A5BB-02F0757CE6BA}.AppStore|x64.Build.0 = Release|Any CPU
		{8A2D7B00-E076-448E-A5BB-02F0757CE6BA}.AppStore|x64.Deploy.0 = Release|Any CPU
		{8A2D7B00-E076-448E-A5BB-02F0757CE6BA}.AppStore|x86.ActiveCfg = Release|Any CPU
		{8A2D7B00-E076-448E-A5BB-02F0757CE6BA}.AppStore|x86.Build.0 = Release|Any CPU
		{8A2D7B00-E076-448E-A5BB-02F0757CE6BA}.AppStore|x86.Deploy.0 = Release|Any CPU
		{8A2D7B00-E076-448E-A5BB-02F0757CE6BA}.Debug|Any CPU.ActiveCfg = Debug|Any CPU
		{8A2D7B00-E076-448E-A5BB-02F0757CE6BA}.Debug|Any CPU.Build.0 = Debug|Any CPU
		{8A2D7B00-E076-448E-A5BB-02F0757CE6BA}.Debug|Any CPU.Deploy.0 = Debug|Any CPU
		{8A2D7B00-E076-448E-A5BB-02F0757CE6BA}.Debug|ARM.ActiveCfg = Debug|Any CPU
		{8A2D7B00-E076-448E-A5BB-02F0757CE6BA}.Debug|ARM.Build.0 = Debug|Any CPU
		{8A2D7B00-E076-448E-A5BB-02F0757CE6BA}.Debug|ARM.Deploy.0 = Debug|Any CPU
		{8A2D7B00-E076-448E-A5BB-02F0757CE6BA}.Debug|iPhone.ActiveCfg = Debug|Any CPU
		{8A2D7B00-E076-448E-A5BB-02F0757CE6BA}.Debug|iPhone.Build.0 = Debug|Any CPU
		{8A2D7B00-E076-448E-A5BB-02F0757CE6BA}.Debug|iPhone.Deploy.0 = Debug|Any CPU
		{8A2D7B00-E076-448E-A5BB-02F0757CE6BA}.Debug|iPhoneSimulator.ActiveCfg = Debug|Any CPU
		{8A2D7B00-E076-448E-A5BB-02F0757CE6BA}.Debug|iPhoneSimulator.Build.0 = Debug|Any CPU
		{8A2D7B00-E076-448E-A5BB-02F0757CE6BA}.Debug|iPhoneSimulator.Deploy.0 = Debug|Any CPU
		{8A2D7B00-E076-448E-A5BB-02F0757CE6BA}.Debug|x64.ActiveCfg = Debug|Any CPU
		{8A2D7B00-E076-448E-A5BB-02F0757CE6BA}.Debug|x64.Build.0 = Debug|Any CPU
		{8A2D7B00-E076-448E-A5BB-02F0757CE6BA}.Debug|x64.Deploy.0 = Debug|Any CPU
		{8A2D7B00-E076-448E-A5BB-02F0757CE6BA}.Debug|x86.ActiveCfg = Debug|Any CPU
		{8A2D7B00-E076-448E-A5BB-02F0757CE6BA}.Debug|x86.Build.0 = Debug|Any CPU
		{8A2D7B00-E076-448E-A5BB-02F0757CE6BA}.Debug|x86.Deploy.0 = Debug|Any CPU
		{8A2D7B00-E076-448E-A5BB-02F0757CE6BA}.Release|Any CPU.ActiveCfg = Release|Any CPU
		{8A2D7B00-E076-448E-A5BB-02F0757CE6BA}.Release|Any CPU.Build.0 = Release|Any CPU
		{8A2D7B00-E076-448E-A5BB-02F0757CE6BA}.Release|Any CPU.Deploy.0 = Release|Any CPU
		{8A2D7B00-E076-448E-A5BB-02F0757CE6BA}.Release|ARM.ActiveCfg = Release|Any CPU
		{8A2D7B00-E076-448E-A5BB-02F0757CE6BA}.Release|ARM.Build.0 = Release|Any CPU
		{8A2D7B00-E076-448E-A5BB-02F0757CE6BA}.Release|ARM.Deploy.0 = Release|Any CPU
		{8A2D7B00-E076-448E-A5BB-02F0757CE6BA}.Release|iPhone.ActiveCfg = Release|Any CPU
		{8A2D7B00-E076-448E-A5BB-02F0757CE6BA}.Release|iPhone.Build.0 = Release|Any CPU
		{8A2D7B00-E076-448E-A5BB-02F0757CE6BA}.Release|iPhone.Deploy.0 = Release|Any CPU
		{8A2D7B00-E076-448E-A5BB-02F0757CE6BA}.Release|iPhoneSimulator.ActiveCfg = Release|Any CPU
		{8A2D7B00-E076-448E-A5BB-02F0757CE6BA}.Release|iPhoneSimulator.Build.0 = Release|Any CPU
		{8A2D7B00-E076-448E-A5BB-02F0757CE6BA}.Release|iPhoneSimulator.Deploy.0 = Release|Any CPU
		{8A2D7B00-E076-448E-A5BB-02F0757CE6BA}.Release|x64.ActiveCfg = Release|Any CPU
		{8A2D7B00-E076-448E-A5BB-02F0757CE6BA}.Release|x64.Build.0 = Release|Any CPU
		{8A2D7B00-E076-448E-A5BB-02F0757CE6BA}.Release|x64.Deploy.0 = Release|Any CPU
		{8A2D7B00-E076-448E-A5BB-02F0757CE6BA}.Release|x86.ActiveCfg = Release|Any CPU
		{8A2D7B00-E076-448E-A5BB-02F0757CE6BA}.Release|x86.Build.0 = Release|Any CPU
		{8A2D7B00-E076-448E-A5BB-02F0757CE6BA}.Release|x86.Deploy.0 = Release|Any CPU
		{C8B0785B-6907-47F6-81C2-1EC237DCBC3E}.Ad-Hoc|Any CPU.ActiveCfg = Ad-Hoc|iPhone
		{C8B0785B-6907-47F6-81C2-1EC237DCBC3E}.Ad-Hoc|ARM.ActiveCfg = Ad-Hoc|iPhone
		{C8B0785B-6907-47F6-81C2-1EC237DCBC3E}.Ad-Hoc|iPhone.ActiveCfg = Ad-Hoc|iPhone
		{C8B0785B-6907-47F6-81C2-1EC237DCBC3E}.Ad-Hoc|iPhone.Build.0 = Ad-Hoc|iPhone
		{C8B0785B-6907-47F6-81C2-1EC237DCBC3E}.Ad-Hoc|iPhoneSimulator.ActiveCfg = Ad-Hoc|iPhoneSimulator
		{C8B0785B-6907-47F6-81C2-1EC237DCBC3E}.Ad-Hoc|iPhoneSimulator.Build.0 = Ad-Hoc|iPhoneSimulator
		{C8B0785B-6907-47F6-81C2-1EC237DCBC3E}.Ad-Hoc|x64.ActiveCfg = Ad-Hoc|iPhone
		{C8B0785B-6907-47F6-81C2-1EC237DCBC3E}.Ad-Hoc|x86.ActiveCfg = Ad-Hoc|iPhone
		{C8B0785B-6907-47F6-81C2-1EC237DCBC3E}.AppStore|Any CPU.ActiveCfg = AppStore|iPhone
		{C8B0785B-6907-47F6-81C2-1EC237DCBC3E}.AppStore|ARM.ActiveCfg = AppStore|iPhone
		{C8B0785B-6907-47F6-81C2-1EC237DCBC3E}.AppStore|iPhone.ActiveCfg = AppStore|iPhone
		{C8B0785B-6907-47F6-81C2-1EC237DCBC3E}.AppStore|iPhone.Build.0 = AppStore|iPhone
		{C8B0785B-6907-47F6-81C2-1EC237DCBC3E}.AppStore|iPhoneSimulator.ActiveCfg = AppStore|iPhoneSimulator
		{C8B0785B-6907-47F6-81C2-1EC237DCBC3E}.AppStore|iPhoneSimulator.Build.0 = AppStore|iPhoneSimulator
		{C8B0785B-6907-47F6-81C2-1EC237DCBC3E}.AppStore|x64.ActiveCfg = AppStore|iPhone
		{C8B0785B-6907-47F6-81C2-1EC237DCBC3E}.AppStore|x86.ActiveCfg = AppStore|iPhone
		{C8B0785B-6907-47F6-81C2-1EC237DCBC3E}.Debug|Any CPU.ActiveCfg = Debug|iPhone
		{C8B0785B-6907-47F6-81C2-1EC237DCBC3E}.Debug|ARM.ActiveCfg = Debug|iPhone
		{C8B0785B-6907-47F6-81C2-1EC237DCBC3E}.Debug|iPhone.ActiveCfg = Debug|iPhone
		{C8B0785B-6907-47F6-81C2-1EC237DCBC3E}.Debug|iPhone.Build.0 = Debug|iPhone
		{C8B0785B-6907-47F6-81C2-1EC237DCBC3E}.Debug|iPhoneSimulator.ActiveCfg = Debug|iPhoneSimulator
		{C8B0785B-6907-47F6-81C2-1EC237DCBC3E}.Debug|iPhoneSimulator.Build.0 = Debug|iPhoneSimulator
		{C8B0785B-6907-47F6-81C2-1EC237DCBC3E}.Debug|x64.ActiveCfg = Debug|iPhone
		{C8B0785B-6907-47F6-81C2-1EC237DCBC3E}.Debug|x86.ActiveCfg = Debug|iPhone
		{C8B0785B-6907-47F6-81C2-1EC237DCBC3E}.Release|Any CPU.ActiveCfg = Release|iPhone
		{C8B0785B-6907-47F6-81C2-1EC237DCBC3E}.Release|ARM.ActiveCfg = Release|iPhone
		{C8B0785B-6907-47F6-81C2-1EC237DCBC3E}.Release|iPhone.ActiveCfg = Release|iPhone
		{C8B0785B-6907-47F6-81C2-1EC237DCBC3E}.Release|iPhone.Build.0 = Release|iPhone
		{C8B0785B-6907-47F6-81C2-1EC237DCBC3E}.Release|iPhoneSimulator.ActiveCfg = Release|iPhoneSimulator
		{C8B0785B-6907-47F6-81C2-1EC237DCBC3E}.Release|iPhoneSimulator.Build.0 = Release|iPhoneSimulator
		{C8B0785B-6907-47F6-81C2-1EC237DCBC3E}.Release|x64.ActiveCfg = Release|iPhone
		{C8B0785B-6907-47F6-81C2-1EC237DCBC3E}.Release|x86.ActiveCfg = Release|iPhone
		{53057D34-8767-48A8-B681-781E64180C00}.Ad-Hoc|Any CPU.ActiveCfg = Release|x86
		{53057D34-8767-48A8-B681-781E64180C00}.Ad-Hoc|Any CPU.Build.0 = Release|x86
		{53057D34-8767-48A8-B681-781E64180C00}.Ad-Hoc|Any CPU.Deploy.0 = Release|x86
		{53057D34-8767-48A8-B681-781E64180C00}.Ad-Hoc|ARM.ActiveCfg = Release|ARM
		{53057D34-8767-48A8-B681-781E64180C00}.Ad-Hoc|ARM.Build.0 = Release|ARM
		{53057D34-8767-48A8-B681-781E64180C00}.Ad-Hoc|ARM.Deploy.0 = Release|ARM
		{53057D34-8767-48A8-B681-781E64180C00}.Ad-Hoc|iPhone.ActiveCfg = Release|x86
		{53057D34-8767-48A8-B681-781E64180C00}.Ad-Hoc|iPhone.Build.0 = Release|x86
		{53057D34-8767-48A8-B681-781E64180C00}.Ad-Hoc|iPhone.Deploy.0 = Release|x86
		{53057D34-8767-48A8-B681-781E64180C00}.Ad-Hoc|iPhoneSimulator.ActiveCfg = Release|x86
		{53057D34-8767-48A8-B681-781E64180C00}.Ad-Hoc|iPhoneSimulator.Build.0 = Release|x86
		{53057D34-8767-48A8-B681-781E64180C00}.Ad-Hoc|iPhoneSimulator.Deploy.0 = Release|x86
		{53057D34-8767-48A8-B681-781E64180C00}.Ad-Hoc|x64.ActiveCfg = Release|x64
		{53057D34-8767-48A8-B681-781E64180C00}.Ad-Hoc|x64.Build.0 = Release|x64
		{53057D34-8767-48A8-B681-781E64180C00}.Ad-Hoc|x64.Deploy.0 = Release|x64
		{53057D34-8767-48A8-B681-781E64180C00}.Ad-Hoc|x86.ActiveCfg = Release|x86
		{53057D34-8767-48A8-B681-781E64180C00}.Ad-Hoc|x86.Build.0 = Release|x86
		{53057D34-8767-48A8-B681-781E64180C00}.Ad-Hoc|x86.Deploy.0 = Release|x86
		{53057D34-8767-48A8-B681-781E64180C00}.AppStore|Any CPU.ActiveCfg = Release|x86
		{53057D34-8767-48A8-B681-781E64180C00}.AppStore|Any CPU.Build.0 = Release|x86
		{53057D34-8767-48A8-B681-781E64180C00}.AppStore|Any CPU.Deploy.0 = Release|x86
		{53057D34-8767-48A8-B681-781E64180C00}.AppStore|ARM.ActiveCfg = Release|ARM
		{53057D34-8767-48A8-B681-781E64180C00}.AppStore|ARM.Build.0 = Release|ARM
		{53057D34-8767-48A8-B681-781E64180C00}.AppStore|ARM.Deploy.0 = Release|ARM
		{53057D34-8767-48A8-B681-781E64180C00}.AppStore|iPhone.ActiveCfg = Release|x86
		{53057D34-8767-48A8-B681-781E64180C00}.AppStore|iPhone.Build.0 = Release|x86
		{53057D34-8767-48A8-B681-781E64180C00}.AppStore|iPhone.Deploy.0 = Release|x86
		{53057D34-8767-48A8-B681-781E64180C00}.AppStore|iPhoneSimulator.ActiveCfg = Release|x86
		{53057D34-8767-48A8-B681-781E64180C00}.AppStore|iPhoneSimulator.Build.0 = Release|x86
		{53057D34-8767-48A8-B681-781E64180C00}.AppStore|iPhoneSimulator.Deploy.0 = Release|x86
		{53057D34-8767-48A8-B681-781E64180C00}.AppStore|x64.ActiveCfg = Release|x64
		{53057D34-8767-48A8-B681-781E64180C00}.AppStore|x64.Build.0 = Release|x64
		{53057D34-8767-48A8-B681-781E64180C00}.AppStore|x64.Deploy.0 = Release|x64
		{53057D34-8767-48A8-B681-781E64180C00}.AppStore|x86.ActiveCfg = Release|x86
		{53057D34-8767-48A8-B681-781E64180C00}.AppStore|x86.Build.0 = Release|x86
		{53057D34-8767-48A8-B681-781E64180C00}.AppStore|x86.Deploy.0 = Release|x86
		{53057D34-8767-48A8-B681-781E64180C00}.Debug|Any CPU.ActiveCfg = Debug|x86
		{53057D34-8767-48A8-B681-781E64180C00}.Debug|ARM.ActiveCfg = Debug|ARM
		{53057D34-8767-48A8-B681-781E64180C00}.Debug|ARM.Build.0 = Debug|ARM
		{53057D34-8767-48A8-B681-781E64180C00}.Debug|ARM.Deploy.0 = Debug|ARM
		{53057D34-8767-48A8-B681-781E64180C00}.Debug|iPhone.ActiveCfg = Debug|x86
		{53057D34-8767-48A8-B681-781E64180C00}.Debug|iPhoneSimulator.ActiveCfg = Debug|x86
		{53057D34-8767-48A8-B681-781E64180C00}.Debug|x64.ActiveCfg = Debug|x64
		{53057D34-8767-48A8-B681-781E64180C00}.Debug|x64.Build.0 = Debug|x64
		{53057D34-8767-48A8-B681-781E64180C00}.Debug|x64.Deploy.0 = Debug|x64
		{53057D34-8767-48A8-B681-781E64180C00}.Debug|x86.ActiveCfg = Debug|x86
		{53057D34-8767-48A8-B681-781E64180C00}.Debug|x86.Build.0 = Debug|x86
		{53057D34-8767-48A8-B681-781E64180C00}.Debug|x86.Deploy.0 = Debug|x86
		{53057D34-8767-48A8-B681-781E64180C00}.Release|Any CPU.ActiveCfg = Release|x86
		{53057D34-8767-48A8-B681-781E64180C00}.Release|ARM.ActiveCfg = Release|ARM
		{53057D34-8767-48A8-B681-781E64180C00}.Release|ARM.Build.0 = Release|ARM
		{53057D34-8767-48A8-B681-781E64180C00}.Release|ARM.Deploy.0 = Release|ARM
		{53057D34-8767-48A8-B681-781E64180C00}.Release|iPhone.ActiveCfg = Release|x86
		{53057D34-8767-48A8-B681-781E64180C00}.Release|iPhoneSimulator.ActiveCfg = Release|x86
		{53057D34-8767-48A8-B681-781E64180C00}.Release|x64.ActiveCfg = Release|x64
		{53057D34-8767-48A8-B681-781E64180C00}.Release|x64.Build.0 = Release|x64
		{53057D34-8767-48A8-B681-781E64180C00}.Release|x64.Deploy.0 = Release|x64
		{53057D34-8767-48A8-B681-781E64180C00}.Release|x86.ActiveCfg = Release|x86
		{53057D34-8767-48A8-B681-781E64180C00}.Release|x86.Build.0 = Release|x86
		{53057D34-8767-48A8-B681-781E64180C00}.Release|x86.Deploy.0 = Release|x86
	EndGlobalSection
	GlobalSection(SolutionProperties) = preSolution
		HideSolutionNode = FALSE
	EndGlobalSection
	GlobalSection(ExtensibilityGlobals) = postSolution
		SolutionGuid = {DF200755-DC44-4B2F-9402-43F7DB3069F5}
	EndGlobalSection
EndGlobal
